
Microsoft Visual Studio Solution File, Format Version 12.00
# Visual Studio Version 17
VisualStudioVersion = 17.5.33530.505
MinimumVisualStudioVersion = 10.0.40219.1
Project("{FAE04EC0-301F-11D3-BF4B-00C04F79EFBC}") = "OutlineTextTest", "OutlineTextTest.csproj", "{0B0CA9A6-36A9-484F-B02B-F8132BB23C14}"
EndProject
Global
	GlobalSection(SolutionConfigurationPlatforms) = preSolution
		Debug|Any CPU = Debug|Any CPU
		Release|Any CPU = Release|Any CPU
	EndGlobalSection
	GlobalSection(ProjectConfigurationPlatforms) = postSolution
		{0B0CA9A6-36A9-484F-B02B-F8132BB23C14}.Debug|Any CPU.ActiveCfg = Debug|Any CPU
		{0B0CA9A6-36A9-484F-B02B-F8132BB23C14}.Debug|Any CPU.Build.0 = Debug|Any CPU
		{0B0CA9A6-36A9-484F-B02B-F8132BB23C14}.Release|Any CPU.ActiveCfg = Release|Any CPU
		{0B0CA9A6-36A9-484F-B02B-F8132BB23C14}.Release|Any CPU.Build.0 = Release|Any CPU
	EndGlobalSection
	GlobalSection(SolutionProperties) = preSolution
		HideSolutionNode = FALSE
	EndGlobalSection
EndGlobal
